
Microsoft Visual Studio Solution File, Format Version 12.00
# Visual Studio 15
VisualStudioVersion = 15.0.26124.0
MinimumVisualStudioVersion = 15.0.26124.0
Project("{FAE04EC0-301F-11D3-BF4B-00C04F79EFBC}") = "SharedLoaderNet", "SharedLoaderNet\SharedLoaderNet.csproj", "{38AB865F-C46A-4160-BA45-CF3BFCE58115}"
EndProject
Project("{FAE04EC0-301F-11D3-BF4B-00C04F79EFBC}") = "SharedLoaderNet.Tests", "SharedLoaderNet.Tests\SharedLoaderNet.Tests.csproj", "{8D542809-37D6-48DB-BD18-0DB60298424C}"
EndProject
Global
	GlobalSection(SolutionConfigurationPlatforms) = preSolution
		Debug|Any CPU = Debug|Any CPU
		Debug|x64 = Debug|x64
		Debug|x86 = Debug|x86
		Release|Any CPU = Release|Any CPU
		Release|x64 = Release|x64
		Release|x86 = Release|x86
	EndGlobalSection
	GlobalSection(SolutionProperties) = preSolution
		HideSolutionNode = FALSE
	EndGlobalSection
	GlobalSection(ProjectConfigurationPlatforms) = postSolution
		{38AB865F-C46A-4160-BA45-CF3BFCE58115}.Debug|Any CPU.ActiveCfg = Debug|Any CPU
		{38AB865F-C46A-4160-BA45-CF3BFCE58115}.Debug|Any CPU.Build.0 = Debug|Any CPU
		{38AB865F-C46A-4160-BA45-CF3BFCE58115}.Debug|x64.ActiveCfg = Debug|Any CPU
		{38AB865F-C46A-4160-BA45-CF3BFCE58115}.Debug|x64.Build.0 = Debug|Any CPU
		{38AB865F-C46A-4160-BA45-CF3BFCE58115}.Debug|x86.ActiveCfg = Debug|Any CPU
		{38AB865F-C46A-4160-BA45-CF3BFCE58115}.Debug|x86.Build.0 = Debug|Any CPU
		{38AB865F-C46A-4160-BA45-CF3BFCE58115}.Release|Any CPU.ActiveCfg = Release|Any CPU
		{38AB865F-C46A-4160-BA45-CF3BFCE58115}.Release|Any CPU.Build.0 = Release|Any CPU
		{38AB865F-C46A-4160-BA45-CF3BFCE58115}.Release|x64.ActiveCfg = Release|Any CPU
		{38AB865F-C46A-4160-BA45-CF3BFCE58115}.Release|x64.Build.0 = Release|Any CPU
		{38AB865F-C46A-4160-BA45-CF3BFCE58115}.Release|x86.ActiveCfg = Release|Any CPU
		{38AB865F-C46A-4160-BA45-CF3BFCE58115}.Release|x86.Build.0 = Release|Any CPU
		{8D542809-37D6-48DB-BD18-0DB60298424C}.Debug|Any CPU.ActiveCfg = Debug|Any CPU
		{8D542809-37D6-48DB-BD18-0DB60298424C}.Debug|Any CPU.Build.0 = Debug|Any CPU
		{8D542809-37D6-48DB-BD18-0DB60298424C}.Debug|x64.ActiveCfg = Debug|Any CPU
		{8D542809-37D6-48DB-BD18-0DB60298424C}.Debug|x64.Build.0 = Debug|Any CPU
		{8D542809-37D6-48DB-BD18-0DB60298424C}.Debug|x86.ActiveCfg = Debug|Any CPU
		{8D542809-37D6-48DB-BD18-0DB60298424C}.Debug|x86.Build.0 = Debug|Any CPU
		{8D542809-37D6-48DB-BD18-0DB60298424C}.Release|Any CPU.ActiveCfg = Release|Any CPU
		{8D542809-37D6-48DB-BD18-0DB60298424C}.Release|Any CPU.Build.0 = Release|Any CPU
		{8D542809-37D6-48DB-BD18-0DB60298424C}.Release|x64.ActiveCfg = Release|Any CPU
		{8D542809-37D6-48DB-BD18-0DB60298424C}.Release|x64.Build.0 = Release|Any CPU
		{8D542809-37D6-48DB-BD18-0DB60298424C}.Release|x86.ActiveCfg = Release|Any CPU
		{8D542809-37D6-48DB-BD18-0DB60298424C}.Release|x86.Build.0 = Release|Any CPU
	EndGlobalSection
EndGlobal
